
Microsoft Visual Studio Solution File, Format Version 12.00
# Visual Studio 15
VisualStudioVersion = 15.0.28307.779
MinimumVisualStudioVersion = 10.0.40219.1
Project("{FAE04EC0-301F-11D3-BF4B-00C04F79EFBC}") = "Proxy", "Proxy\Proxy.csproj", "{1C98E2A9-739E-4BE4-A7A9-55200EF9BAC9}"
EndProject
Global
	GlobalSection(SolutionConfigurationPlatforms) = preSolution
		Debug|Any CPU = Debug|Any CPU
		Release|Any CPU = Release|Any CPU
	EndGlobalSection
	GlobalSection(ProjectConfigurationPlatforms) = postSolution
		{1C98E2A9-739E-4BE4-A7A9-55200EF9BAC9}.Debug|Any CPU.ActiveCfg = Debug|Any CPU
		{1C98E2A9-739E-4BE4-A7A9-55200EF9BAC9}.Debug|Any CPU.Build.0 = Debug|Any CPU
		{1C98E2A9-739E-4BE4-A7A9-55200EF9BAC9}.Release|Any CPU.ActiveCfg = Release|Any CPU
		{1C98E2A9-739E-4BE4-A7A9-55200EF9BAC9}.Release|Any CPU.Build.0 = Release|Any CPU
	EndGlobalSection
	GlobalSection(SolutionProperties) = preSolution
		HideSolutionNode = FALSE
	EndGlobalSection
	GlobalSection(ExtensibilityGlobals) = postSolution
		SolutionGuid = {5EFD97EC-81FA-4C61-8874-13FE4E975EBC}
	EndGlobalSection
EndGlobal
